<?xml version="1.0" encoding="utf-8"?>
<Project ToolsVersion="4.0" xmlns="http://schemas.microsoft.com/developer/msbuild/2003">
  <ItemGroup>
    <ClInclude Include="$(MSBuildThisFileDirectory)ImGui\ImGuiManager.h" />
    <ClInclude Include="$(MSBuildThisFileDirectory)Math\MathUtility.h" />
    <ClInclude Include="$(MSBuildThisFileDirectory)Math\Matrix3x3.h" />
    <ClInclude Include="$(MSBuildThisFileDirectory)Math\Matrix4x4.h" />
    <ClInclude Include="$(MSBuildThisFileDirectory)Math\Quaternion.h" />
    <ClInclude Include="$(MSBuildThisFileDirectory)Math\Vector2.h" />
    <ClInclude Include="$(MSBuildThisFileDirectory)Math\Vector3.h" />
    <ClInclude Include="$(MSBuildThisFileDirectory)Math\Vector4.h" />
    <ClInclude Include="$(MSBuildThisFileDirectory)Utility\Debug.h" />
    <ClInclude Include="$(MSBuildThisFileDirectory)Utility\Singleton.h" />
    <ClInclude Include="$(MSBuildThisFileDirectory)Utility\StringBuilder.h" />
    <ClInclude Include="$(MSBuildThisFileDirectory)Utility\Typedef.h" />
    <ClInclude Include="$(MSBuildThisFileDirectory)Window\Window.h" />
    <ClInclude Include="$(MSBuildThisFileDirectory)Window\Procedure\IWindowProc.h" />
    <ClInclude Include="$(MSBuildThisFileDirectory)Window\Procedure\DestroyProc.h" />
    <ClInclude Include="$(MSBuildThisFileDirectory)Window\Procedure\CreateProc.h" />
    <ClInclude Include="$(MSBuildThisFileDirectory)Window\Procedure\Procedures.h" />
    <ClInclude Include="$(MSBuildThisFileDirectory)Game.h" />
    <ClInclude Include="$(MSBuildThisFileDirectory)Scene\SceneBase.h" />
    <ClInclude Include="$(MSBuildThisFileDirectory)Device\ISystemEventNotify.h" />
    <ClInclude Include="$(MSBuildThisFileDirectory)DX\DeviceResource.h" />
    <ClInclude Include="$(MSBuildThisFileDirectory)DX\DXHelper.h" />
    <ClInclude Include="$(MSBuildThisFileDirectory)DX\ConstantBuffer.h" />
    <ClInclude Include="$(MSBuildThisFileDirectory)DX\IDeviceState.h" />
    <ClInclude Include="$(MSBuildThisFileDirectory)DX\RaytracingHelper.h" />
    <ClInclude Include="$(MSBuildThisFileDirectory)ImGui\ImGuiInclude.h" />
    <ClInclude Include="$(MSBuildThisFileDirectory)Window\Procedure\SysKeyDownProc.h" />
    <ClInclude Include="$(MSBuildThisFileDirectory)Window\Procedure\ImGuiProc.h" />
    <ClInclude Include="$(MSBuildThisFileDirectory)Window\Procedure\PaintProc.h" />
    <ClInclude Include="$(MSBuildThisFileDirectory)DX\DXRInterface.h" />
    <ClInclude Include="$(MSBuildThisFileDirectory)Input\Input.h" />
    <ClInclude Include="$(MSBuildThisFileDirectory)Input\InputManager.h" />
    <ClInclude Include="$(MSBuildThisFileDirectory)Input\Keyboard.h" />
    <ClInclude Include="$(MSBuildThisFileDirectory)Input\KeyCode.h" />
    <ClInclude Include="$(MSBuildThisFileDirectory)Input\Mouse.h" />
    <ClInclude Include="$(MSBuildThisFileDirectory)Utility\StringUtil.h" />
    <ClInclude Include="$(MSBuildThisFileDirectory)Utility\GPUTimer.h" />
    <ClInclude Include="$(MSBuildThisFileDirectory)ImGui\Item\Button.h" />
    <ClInclude Include="$(MSBuildThisFileDirectory)ImGui\Item\CallBackItem.h" />
    <ClInclude Include="$(MSBuildThisFileDirectory)ImGui\Item\FloatField.h" />
    <ClInclude Include="$(MSBuildThisFileDirectory)ImGui\Item\IItem.h" />
    <ClInclude Include="$(MSBuildThisFileDirectory)ImGui\Item\ImGUI.h" />
    <ClInclude Include="$(MSBuildThisFileDirectory)ImGui\Item\IntField.h" />
    <ClInclude Include="$(MSBuildThisFileDirectory)ImGui\Item\Text.h" />
    <ClInclude Include="$(MSBuildThisFileDirectory)ImGui\Item\Window.h" />
    <ClInclude Include="$(MSBuildThisFileDirectory)Utility\Time.h" />
    <ClInclude Include="$(MSBuildThisFileDirectory)Libs\ImGui\imconfig.h" />
    <ClInclude Include="$(MSBuildThisFileDirectory)Libs\ImGui\imgui.h" />
    <ClInclude Include="$(MSBuildThisFileDirectory)Libs\ImGui\imgui_impl_dx12.h" />
    <ClInclude Include="$(MSBuildThisFileDirectory)Libs\ImGui\imgui_impl_win32.h" />
    <ClInclude Include="$(MSBuildThisFileDirectory)Libs\ImGui\imgui_internal.h" />
    <ClInclude Include="$(MSBuildThisFileDirectory)Libs\ImGui\imstb_rectpack.h" />
    <ClInclude Include="$(MSBuildThisFileDirectory)Libs\ImGui\imstb_textedit.h" />
    <ClInclude Include="$(MSBuildThisFileDirectory)Libs\ImGui\imstb_truetype.h" />
    <ClInclude Include="$(MSBuildThisFileDirectory)Libs\d3dx12.h" />
    <ClInclude Include="$(MSBuildThisFileDirectory)Utility\IO\TextureLoader.h" />
    <ClInclude Include="$(MSBuildThisFileDirectory)Utility\IO\GLBLoader.h" />
    <ClInclude Include="$(MSBuildThisFileDirectory)Libs\stb\stb_image.h" />
    <ClInclude Include="$(MSBuildThisFileDirectory)DX\RootSignature.h" />
    <ClInclude Include="$(MSBuildThisFileDirectory)DX\DescriptorTable.h" />
    <ClInclude Include="$(MSBuildThisFileDirectory)DX\Texture2D.h" />
    <ClInclude Include="$(MSBuildThisFileDirectory)Utility\Color4.h" />
  </ItemGroup>
  <ItemGroup>
    <ClCompile Include="$(MSBuildThisFileDirectory)ImGui\ImGuiManager.cpp" />
    <ClCompile Include="$(MSBuildThisFileDirectory)Math\Matrix3x3.cpp" />
    <ClCompile Include="$(MSBuildThisFileDirectory)Math\Matrix4x4.cpp" />
    <ClCompile Include="$(MSBuildThisFileDirectory)Math\Quaternion.cpp" />
    <ClCompile Include="$(MSBuildThisFileDirectory)Math\Vector2.cpp" />
    <ClCompile Include="$(MSBuildThisFileDirectory)Math\Vector3.cpp" />
    <ClCompile Include="$(MSBuildThisFileDirectory)Math\Vector4.cpp" />
    <ClCompile Include="$(MSBuildThisFileDirectory)Utility\Debug.cpp" />
    <ClCompile Include="$(MSBuildThisFileDirectory)Window\Procedure\DestroyProc.cpp" />
    <ClCompile Include="$(MSBuildThisFileDirectory)Window\Procedure\CreateProc.cpp" />
    <ClCompile Include="$(MSBuildThisFileDirectory)Window\Procedure\Procedures.cpp" />
    <ClCompile Include="$(MSBuildThisFileDirectory)Game.cpp" />
    <ClCompile Include="$(MSBuildThisFileDirectory)Window\Window.cpp" />
    <ClCompile Include="$(MSBuildThisFileDirectory)Scene\SceneBase.cpp" />
    <ClCompile Include="$(MSBuildThisFileDirectory)DX\DeviceResource.cpp" />
    <ClCompile Include="$(MSBuildThisFileDirectory)Window\Procedure\SysKeyDownProc.cpp" />
    <ClCompile Include="$(MSBuildThisFileDirectory)Window\Procedure\ImGuiProc.cpp" />
    <ClCompile Include="$(MSBuildThisFileDirectory)Window\Procedure\PaintProc.cpp" />
    <ClCompile Include="$(MSBuildThisFileDirectory)DX\DXRInterface.cpp" />
    <ClCompile Include="$(MSBuildThisFileDirectory)Input\InputManager.cpp" />
    <ClCompile Include="$(MSBuildThisFileDirectory)Input\Keyboard.cpp" />
    <ClCompile Include="$(MSBuildThisFileDirectory)Input\Mouse.cpp" />
    <ClCompile Include="$(MSBuildThisFileDirectory)Utility\GPUTimer.cpp" />
    <ClCompile Include="$(MSBuildThisFileDirectory)ImGui\Item\Button.cpp" />
    <ClCompile Include="$(MSBuildThisFileDirectory)ImGui\Item\FloatField.cpp" />
    <ClCompile Include="$(MSBuildThisFileDirectory)ImGui\Item\IntField.cpp" />
    <ClCompile Include="$(MSBuildThisFileDirectory)ImGui\Item\Text.cpp" />
    <ClCompile Include="$(MSBuildThisFileDirectory)ImGui\Item\Window.cpp" />
    <ClCompile Include="$(MSBuildThisFileDirectory)Utility\Time.cpp" />
    <ClCompile Include="$(MSBuildThisFileDirectory)Libs\ImGui\imgui.cpp" />
    <ClCompile Include="$(MSBuildThisFileDirectory)Libs\ImGui\imgui_draw.cpp" />
    <ClCompile Include="$(MSBuildThisFileDirectory)Libs\ImGui\imgui_impl_dx12.cpp" />
    <ClCompile Include="$(MSBuildThisFileDirectory)Libs\ImGui\imgui_impl_win32.cpp" />
    <ClCompile Include="$(MSBuildThisFileDirectory)Libs\ImGui\imgui_widgets.cpp" />
    <ClCompile Include="$(MSBuildThisFileDirectory)Utility\IO\TextureLoader.cpp" />
    <ClCompile Include="$(MSBuildThisFileDirectory)Utility\IO\GLBLoader.cpp" />
    <ClCompile Include="$(MSBuildThisFileDirectory)DX\RootSignature.cpp" />
    <ClCompile Include="$(MSBuildThisFileDirectory)DX\DescriptorTable.cpp" />
    <ClCompile Include="$(MSBuildThisFileDirectory)DX\Texture2D.cpp" />
    <ClCompile Include="$(MSBuildThisFileDirectory)Utility\Color4.cpp" />
  </ItemGroup>
</Project>